
Microsoft Visual Studio Solution File, Format Version 12.00
# Visual Studio Version 16
VisualStudioVersion = 16.0.36602.28
MinimumVisualStudioVersion = 10.0.40219.1
Project("{FAE04EC0-301F-11D3-BF4B-00C04F79EFBC}") = "ProjectPS", "ProjectPS.csproj", "{7130B47C-BA38-4B89-A869-B40050275726}"
EndProject
Global
	GlobalSection(SolutionConfigurationPlatforms) = preSolution
		Debug|Any CPU = Debug|Any CPU
		Release|Any CPU = Release|Any CPU
	EndGlobalSection
	GlobalSection(ProjectConfigurationPlatforms) = postSolution
		{7130B47C-BA38-4B89-A869-B40050275726}.Debug|Any CPU.ActiveCfg = Debug|Any CPU
		{7130B47C-BA38-4B89-A869-B40050275726}.Debug|Any CPU.Build.0 = Debug|Any CPU
		{7130B47C-BA38-4B89-A869-B40050275726}.Release|Any CPU.ActiveCfg = Release|Any CPU
		{7130B47C-BA38-4B89-A869-B40050275726}.Release|Any CPU.Build.0 = Release|Any CPU
	EndGlobalSection
	GlobalSection(SolutionProperties) = preSolution
		HideSolutionNode = FALSE
	EndGlobalSection
	GlobalSection(ExtensibilityGlobals) = postSolution
		SolutionGuid = {470FD684-ACA7-42CB-A6DF-62D742E1BD7B}
	EndGlobalSection
EndGlobal
